# THIS IS AN AUTOGENERATED FILE. DO NOT EDIT THIS FILE DIRECTLY.
# yarn lockfile v1


"@types/lodash@4.14.91":
  version "4.14.91"
  resolved "https://registry.yarnpkg.com/@types/lodash/-/lodash-4.14.91.tgz#794611b28056d16b5436059c6d800b39d573cd3a"

fs-extra@^2.0.0:
  version "2.1.2"
  resolved "https://registry.yarnpkg.com/fs-extra/-/fs-extra-2.1.2.tgz#046c70163cef9aad46b0e4a7fa467fb22d71de35"
  dependencies:
    graceful-fs "^4.1.2"
    jsonfile "^2.1.0"

fs-p@^2.0.0:
  version "2.0.0"
  resolved "https://registry.yarnpkg.com/fs-p/-/fs-p-2.0.0.tgz#66784a012473c700b68fb76ac2120eccc6b0602b"
  dependencies:
    fs-extra "^2.0.0"

graceful-fs@^4.1.2, graceful-fs@^4.1.6:
  version "4.1.11"
  resolved "https://registry.yarnpkg.com/graceful-fs/-/graceful-fs-4.1.11.tgz#0e8bdfe4d1ddb8854d64e04ea7c00e2a026e5658"

jsonfile@^2.1.0:
  version "2.4.0"
  resolved "https://registry.yarnpkg.com/jsonfile/-/jsonfile-2.4.0.tgz#3736a2b428b87bbda0cc83b53fa3d633a35c2ae8"
  optionalDependencies:
    graceful-fs "^4.1.6"

lodash@^4.17.4:
  version "4.17.4"
  resolved "https://registry.yarnpkg.com/lodash/-/lodash-4.17.4.tgz#78203a4d1c328ae1d86dca6460e369b57f4055ae"

serverless-plugin-typescript@0.1.10:
  version "0.1.10"
  resolved "https://registry.yarnpkg.com/serverless-plugin-typescript/-/serverless-plugin-typescript-0.1.10.tgz#5ee23f77f3770481d7f7dae69d944d03ddd648fb"
  dependencies:
    fs-p "^2.0.0"
    lodash "^4.17.4"
    typescript "^2.2.2"

typescript@^2.2.2:
  version "2.3.0"
  resolved "https://registry.yarnpkg.com/typescript/-/typescript-2.3.0.tgz#2e63e09284392bc8158a2444c33e2093795c0418"
