# THIS IS AN AUTOGENERATED FILE. DO NOT EDIT THIS FILE DIRECTLY.
# yarn lockfile v1


"@types/fs-extra@^2.0.0":
  version "2.0.0"
  resolved "https://registry.yarnpkg.com/@types/fs-extra/-/fs-extra-2.0.0.tgz#1e305d412c4e9e17e5553f59f143e4a49c5573a4"
  dependencies:
    "@types/node" "*"

"@types/lodash@^4.14.62":
  version "4.14.62"
  resolved "https://registry.yarnpkg.com/@types/lodash/-/lodash-4.14.62.tgz#8674f9861582148a60b7a89cb260f11378d11683"

"@types/node@*":
  version "7.0.12"
  resolved "https://registry.yarnpkg.com/@types/node/-/node-7.0.12.tgz#ae5f67a19c15f752148004db07cbbb372e69efc9"

fs-extra@^2.0.0:
  version "2.1.2"
  resolved "https://registry.yarnpkg.com/fs-extra/-/fs-extra-2.1.2.tgz#046c70163cef9aad46b0e4a7fa467fb22d71de35"
  dependencies:
    graceful-fs "^4.1.2"
    jsonfile "^2.1.0"

fs-p@^2.0.0:
  version "2.0.0"
  resolved "https://registry.yarnpkg.com/fs-p/-/fs-p-2.0.0.tgz#66784a012473c700b68fb76ac2120eccc6b0602b"
  dependencies:
    fs-extra "^2.0.0"

graceful-fs@^4.1.2, graceful-fs@^4.1.6:
  version "4.1.11"
  resolved "https://registry.yarnpkg.com/graceful-fs/-/graceful-fs-4.1.11.tgz#0e8bdfe4d1ddb8854d64e04ea7c00e2a026e5658"

jsonfile@^2.1.0:
  version "2.4.0"
  resolved "https://registry.yarnpkg.com/jsonfile/-/jsonfile-2.4.0.tgz#3736a2b428b87bbda0cc83b53fa3d633a35c2ae8"
  optionalDependencies:
    graceful-fs "^4.1.6"

lodash@^4.17.4:
  version "4.17.4"
  resolved "https://registry.yarnpkg.com/lodash/-/lodash-4.17.4.tgz#78203a4d1c328ae1d86dca6460e369b57f4055ae"

typescript@^2.2.2:
  version "2.3.0"
  resolved "https://registry.yarnpkg.com/typescript/-/typescript-2.3.0.tgz#2e63e09284392bc8158a2444c33e2093795c0418"
